
Microsoft Visual Studio Solution File, Format Version 12.00
# Visual Studio Version 17
VisualStudioVersion = 17.0.32112.339
MinimumVisualStudioVersion = 10.0.40219.1
Project("{FAE04EC0-301F-11D3-BF4B-00C04F79EFBC}") = "SizeChecker", "SizeChecker\SizeChecker.csproj", "{AFBFC653-ED0B-4163-8DCC-8A647F39A47E}"
EndProject
Global
	GlobalSection(SolutionConfigurationPlatforms) = preSolution
		Debug|Any CPU = Debug|Any CPU
		Release|Any CPU = Release|Any CPU
	EndGlobalSection
	GlobalSection(ProjectConfigurationPlatforms) = postSolution
		{AFBFC653-ED0B-4163-8DCC-8A647F39A47E}.Debug|Any CPU.ActiveCfg = Debug|Any CPU
		{AFBFC653-ED0B-4163-8DCC-8A647F39A47E}.Debug|Any CPU.Build.0 = Debug|Any CPU
		{AFBFC653-ED0B-4163-8DCC-8A647F39A47E}.Release|Any CPU.ActiveCfg = Release|Any CPU
		{AFBFC653-ED0B-4163-8DCC-8A647F39A47E}.Release|Any CPU.Build.0 = Release|Any CPU
	EndGlobalSection
	GlobalSection(SolutionProperties) = preSolution
		HideSolutionNode = FALSE
	EndGlobalSection
	GlobalSection(ExtensibilityGlobals) = postSolution
		SolutionGuid = {DDBE94E7-09E2-4219-A5D5-20843F5F4AB8}
	EndGlobalSection
EndGlobal
